// !$*UTF8*$!
{
	archiveVersion = 1;
	classes = {
	};
	objectVersion = 46;
	objects = {

/* Begin PBXBuildFile section */
		F585E8BC1F699BEA00BF9D04 /* GoogleService-Info.plist in Resources */ = {isa = PBXBuildFile; fileRef = F585E8BB1F699BEA00BF9D04 /* GoogleService-Info.plist */; };
		F5890F221F5F216D0049C731 /* AppDelegate.swift in Sources */ = {isa = PBXBuildFile; fileRef = F5890F211F5F216D0049C731 /* AppDelegate.swift */; };
		F5890F291F5F216D0049C731 /* Assets.xcassets in Resources */ = {isa = PBXBuildFile; fileRef = F5890F281F5F216D0049C731 /* Assets.xcassets */; };
		F5A8EDD9205CB1460064A8A4 /* PrincipalViewController.swift in Sources */ = {isa = PBXBuildFile; fileRef = F5A8EDD8205CB1460064A8A4 /* PrincipalViewController.swift */; };
		F5A8EDE2205CB1830064A8A4 /* PerfilViewController.swift in Sources */ = {isa = PBXBuildFile; fileRef = F5A8EDE0205CB1820064A8A4 /* PerfilViewController.swift */; };
		F5A8EDE3205CB1830064A8A4 /* registerViewController.swift in Sources */ = {isa = PBXBuildFile; fileRef = F5A8EDE1205CB1830064A8A4 /* registerViewController.swift */; };
		F5A8EDEC205CB4D70064A8A4 /* News.storyboard in Resources */ = {isa = PBXBuildFile; fileRef = F5A8EDE6205CB4D60064A8A4 /* News.storyboard */; };
		F5A8EDED205CB4D70064A8A4 /* LaunchScreen.storyboard in Resources */ = {isa = PBXBuildFile; fileRef = F5A8EDE7205CB4D60064A8A4 /* LaunchScreen.storyboard */; };
		F5A8EDEE205CB4D70064A8A4 /* Candidate.storyboard in Resources */ = {isa = PBXBuildFile; fileRef = F5A8EDE8205CB4D60064A8A4 /* Candidate.storyboard */; };
		F5A8EDEF205CB4D70064A8A4 /* Company.storyboard in Resources */ = {isa = PBXBuildFile; fileRef = F5A8EDE9205CB4D60064A8A4 /* Company.storyboard */; };
		F5A8EDF0205CB4D70064A8A4 /* Chat.storyboard in Resources */ = {isa = PBXBuildFile; fileRef = F5A8EDEA205CB4D70064A8A4 /* Chat.storyboard */; };
		F5A8EDF1205CB4D70064A8A4 /* Main.storyboard in Resources */ = {isa = PBXBuildFile; fileRef = F5A8EDEB205CB4D70064A8A4 /* Main.storyboard */; };
		F5A8EDF6205CB5610064A8A4 /* OptionVagasViewController.swift in Sources */ = {isa = PBXBuildFile; fileRef = F5A8EDF2205CB5600064A8A4 /* OptionVagasViewController.swift */; };
		F5A8EDF7205CB5610064A8A4 /* VagasEmpresaViewController.swift in Sources */ = {isa = PBXBuildFile; fileRef = F5A8EDF3205CB5600064A8A4 /* VagasEmpresaViewController.swift */; };
		F5A8EDF8205CB5610064A8A4 /* VagasDetalhesCelulaEmpresaViewController.swift in Sources */ = {isa = PBXBuildFile; fileRef = F5A8EDF4205CB5600064A8A4 /* VagasDetalhesCelulaEmpresaViewController.swift */; };
		F5A8EDF9205CB5610064A8A4 /* VagasDetalhesEmpresaViewController.swift in Sources */ = {isa = PBXBuildFile; fileRef = F5A8EDF5205CB5600064A8A4 /* VagasDetalhesEmpresaViewController.swift */; };
		F5A8EDFF205CB57B0064A8A4 /* vagasCandidatoViewController.swift in Sources */ = {isa = PBXBuildFile; fileRef = F5A8EDFA205CB57A0064A8A4 /* vagasCandidatoViewController.swift */; };
		F5A8EE00205CB57B0064A8A4 /* VagaCelulaCandidato.swift in Sources */ = {isa = PBXBuildFile; fileRef = F5A8EDFB205CB57A0064A8A4 /* VagaCelulaCandidato.swift */; };
		F5A8EE01205CB57B0064A8A4 /* VagaCelula.swift in Sources */ = {isa = PBXBuildFile; fileRef = F5A8EDFC205CB57B0064A8A4 /* VagaCelula.swift */; };
		F5A8EE02205CB57B0064A8A4 /* VagaCandidato.swift in Sources */ = {isa = PBXBuildFile; fileRef = F5A8EDFD205CB57B0064A8A4 /* VagaCandidato.swift */; };
		F5A8EE03205CB57B0064A8A4 /* vagasDetalhesCandidatoViewController.swift in Sources */ = {isa = PBXBuildFile; fileRef = F5A8EDFE205CB57B0064A8A4 /* vagasDetalhesCandidatoViewController.swift */; };
		F5FF328E205B6CAE00189403 /* Calligraffitti-Regular.ttf in Resources */ = {isa = PBXBuildFile; fileRef = F5FF328C205B6CAE00189403 /* Calligraffitti-Regular.ttf */; };
		F5FF328F205B6CAE00189403 /* Courgette-Regular.ttf in Resources */ = {isa = PBXBuildFile; fileRef = F5FF328D205B6CAE00189403 /* Courgette-Regular.ttf */; };
		F5FF3295205B6CB800189403 /* DancingScript-Regular.ttf in Resources */ = {isa = PBXBuildFile; fileRef = F5FF3290205B6CB700189403 /* DancingScript-Regular.ttf */; };
		F5FF3296205B6CB800189403 /* LoveYaLikeASister.ttf in Resources */ = {isa = PBXBuildFile; fileRef = F5FF3291205B6CB800189403 /* LoveYaLikeASister.ttf */; };
		F5FF3297205B6CB800189403 /* DancingScript-Bold.ttf in Resources */ = {isa = PBXBuildFile; fileRef = F5FF3292205B6CB800189403 /* DancingScript-Bold.ttf */; };
		F5FF3298205B6CB800189403 /* IndieFlower.ttf in Resources */ = {isa = PBXBuildFile; fileRef = F5FF3293205B6CB800189403 /* IndieFlower.ttf */; };
		F5FF3299205B6CB800189403 /* GiveYouGlory.ttf in Resources */ = {isa = PBXBuildFile; fileRef = F5FF3294205B6CB800189403 /* GiveYouGlory.ttf */; };
		F5FF329C205B6CC100189403 /* Julee-Regular.ttf in Resources */ = {isa = PBXBuildFile; fileRef = F5FF329A205B6CC000189403 /* Julee-Regular.ttf */; };
		F5FF329D205B6CC100189403 /* ShadowsIntoLight.ttf in Resources */ = {isa = PBXBuildFile; fileRef = F5FF329B205B6CC100189403 /* ShadowsIntoLight.ttf */; };
		F5FF32E4205B770F00189403 /* ChatViewController.swift in Sources */ = {isa = PBXBuildFile; fileRef = F5FF32E2205B770E00189403 /* ChatViewController.swift */; };
		F5FF32E5205B770F00189403 /* ChatCandidatoViewController.swift in Sources */ = {isa = PBXBuildFile; fileRef = F5FF32E3205B770F00189403 /* ChatCandidatoViewController.swift */; };
		F5FF32E9205B771E00189403 /* Noticia2ViewController.swift in Sources */ = {isa = PBXBuildFile; fileRef = F5FF32E6205B771E00189403 /* Noticia2ViewController.swift */; };
		F5FF32EA205B771E00189403 /* Noticia3ViewController.swift in Sources */ = {isa = PBXBuildFile; fileRef = F5FF32E7205B771E00189403 /* Noticia3ViewController.swift */; };
		F5FF32EB205B771E00189403 /* Noticia1ViewController.swift in Sources */ = {isa = PBXBuildFile; fileRef = F5FF32E8205B771E00189403 /* Noticia1ViewController.swift */; };
		F5FF32ED205B772900189403 /* NoticiaCandidato1ViewController.swift in Sources */ = {isa = PBXBuildFile; fileRef = F5FF32EC205B772900189403 /* NoticiaCandidato1ViewController.swift */; };
		F5FF32F2205B773600189403 /* NoticiasCandidatoViewController.swift in Sources */ = {isa = PBXBuildFile; fileRef = F5FF32EE205B773600189403 /* NoticiasCandidatoViewController.swift */; };
		F5FF32F3205B773600189403 /* NoticiasEmpresaViewController.swift in Sources */ = {isa = PBXBuildFile; fileRef = F5FF32EF205B773600189403 /* NoticiasEmpresaViewController.swift */; };
		F5FF32F4205B773600189403 /* NoticiaCandidato2ViewController.swift in Sources */ = {isa = PBXBuildFile; fileRef = F5FF32F0205B773600189403 /* NoticiaCandidato2ViewController.swift */; };
		F5FF32F5205B773600189403 /* NoticiaCandidato3ViewController.swift in Sources */ = {isa = PBXBuildFile; fileRef = F5FF32F1205B773600189403 /* NoticiaCandidato3ViewController.swift */; };
		F5FF3305205B777000189403 /* LoginEmpresaViewController.swift in Sources */ = {isa = PBXBuildFile; fileRef = F5FF3302205B777000189403 /* LoginEmpresaViewController.swift */; };
		F5FF3306205B777000189403 /* PerfilEmpresaViewController.swift in Sources */ = {isa = PBXBuildFile; fileRef = F5FF3303205B777000189403 /* PerfilEmpresaViewController.swift */; };
		F5FF3307205B777000189403 /* RegisterEmpresaViewController.swift in Sources */ = {isa = PBXBuildFile; fileRef = F5FF3304205B777000189403 /* RegisterEmpresaViewController.swift */; };
		F5FF330C205B778100189403 /* CandidatoViewController.swift in Sources */ = {isa = PBXBuildFile; fileRef = F5FF3308205B778100189403 /* CandidatoViewController.swift */; };
		F5FF330D205B778100189403 /* CandidatoVagaCelulaViewController.swift in Sources */ = {isa = PBXBuildFile; fileRef = F5FF3309205B778100189403 /* CandidatoVagaCelulaViewController.swift */; };
		F5FF330F205B778100189403 /* SelectionCandidatoViewController.swift in Sources */ = {isa = PBXBuildFile; fileRef = F5FF330B205B778100189403 /* SelectionCandidatoViewController.swift */; };
		F5FF3311205B794000189403 /* Vagas.swift in Sources */ = {isa = PBXBuildFile; fileRef = F5FF3310205B793F00189403 /* Vagas.swift */; };
		F5FF3317205B795300189403 /* InfoCandidato.swift in Sources */ = {isa = PBXBuildFile; fileRef = F5FF3314205B795300189403 /* InfoCandidato.swift */; };
/* End PBXBuildFile section */

/* Begin PBXFileReference section */
		8198776B593C138EA9B1B9FF /* Pods-testPersistencia.debug.xcconfig */ = {isa = PBXFileReference; includeInIndex = 1; lastKnownFileType = text.xcconfig; name = "Pods-testPersistencia.debug.xcconfig"; path = "Pods/Target Support Files/Pods-testPersistencia/Pods-testPersistencia.debug.xcconfig"; sourceTree = "<group>"; };
		917A6FB032FB5BD24C22D1F5 /* Pods-testPersistencia.release.xcconfig */ = {isa = PBXFileReference; includeInIndex = 1; lastKnownFileType = text.xcconfig; name = "Pods-testPersistencia.release.xcconfig"; path = "Pods/Target Support Files/Pods-testPersistencia/Pods-testPersistencia.release.xcconfig"; sourceTree = "<group>"; };
		F585E8BB1F699BEA00BF9D04 /* GoogleService-Info.plist */ = {isa = PBXFileReference; fileEncoding = 4; lastKnownFileType = text.plist.xml; path = "GoogleService-Info.plist"; sourceTree = "<group>"; };
		F5890F1E1F5F216D0049C731 /* Instajob.temp_caseinsensitive_rename.app */ = {isa = PBXFileReference; explicitFileType = wrapper.application; includeInIndex = 0; path = Instajob.temp_caseinsensitive_rename.app; sourceTree = BUILT_PRODUCTS_DIR; };
		F5890F211F5F216D0049C731 /* AppDelegate.swift */ = {isa = PBXFileReference; lastKnownFileType = sourcecode.swift; path = AppDelegate.swift; sourceTree = "<group>"; };
		F5890F281F5F216D0049C731 /* Assets.xcassets */ = {isa = PBXFileReference; lastKnownFileType = folder.assetcatalog; path = Assets.xcassets; sourceTree = "<group>"; };
		F5890F2D1F5F216D0049C731 /* Instajob.temp_caseinsensitive_renameinfo.plist */ = {isa = PBXFileReference; lastKnownFileType = text.plist.xml; path = Instajob.temp_caseinsensitive_renameinfo.plist; sourceTree = "<group>"; };
		F5A8EDD8205CB1460064A8A4 /* PrincipalViewController.swift */ = {isa = PBXFileReference; fileEncoding = 4; lastKnownFileType = sourcecode.swift; path = PrincipalViewController.swift; sourceTree = "<group>"; };
		F5A8EDE0205CB1820064A8A4 /* PerfilViewController.swift */ = {isa = PBXFileReference; fileEncoding = 4; lastKnownFileType = sourcecode.swift; path = PerfilViewController.swift; sourceTree = "<group>"; };
		F5A8EDE1205CB1830064A8A4 /* registerViewController.swift */ = {isa = PBXFileReference; fileEncoding = 4; lastKnownFileType = sourcecode.swift; path = registerViewController.swift; sourceTree = "<group>"; };
		F5A8EDE6205CB4D60064A8A4 /* News.storyboard */ = {isa = PBXFileReference; fileEncoding = 4; lastKnownFileType = file.storyboard; path = News.storyboard; sourceTree = "<group>"; };
		F5A8EDE7205CB4D60064A8A4 /* LaunchScreen.storyboard */ = {isa = PBXFileReference; fileEncoding = 4; lastKnownFileType = file.storyboard; path = LaunchScreen.storyboard; sourceTree = "<group>"; };
		F5A8EDE8205CB4D60064A8A4 /* Candidate.storyboard */ = {isa = PBXFileReference; fileEncoding = 4; lastKnownFileType = file.storyboard; path = Candidate.storyboard; sourceTree = "<group>"; };
		F5A8EDE9205CB4D60064A8A4 /* Company.storyboard */ = {isa = PBXFileReference; fileEncoding = 4; lastKnownFileType = file.storyboard; path = Company.storyboard; sourceTree = "<group>"; };
		F5A8EDEA205CB4D70064A8A4 /* Chat.storyboard */ = {isa = PBXFileReference; fileEncoding = 4; lastKnownFileType = file.storyboard; path = Chat.storyboard; sourceTree = "<group>"; };
		F5A8EDEB205CB4D70064A8A4 /* Main.storyboard */ = {isa = PBXFileReference; fileEncoding = 4; lastKnownFileType = file.storyboard; path = Main.storyboard; sourceTree = "<group>"; };
		F5A8EDF2205CB5600064A8A4 /* OptionVagasViewController.swift */ = {isa = PBXFileReference; fileEncoding = 4; lastKnownFileType = sourcecode.swift; path = OptionVagasViewController.swift; sourceTree = "<group>"; };
		F5A8EDF3205CB5600064A8A4 /* VagasEmpresaViewController.swift */ = {isa = PBXFileReference; fileEncoding = 4; lastKnownFileType = sourcecode.swift; path = VagasEmpresaViewController.swift; sourceTree = "<group>"; };
		F5A8EDF4205CB5600064A8A4 /* VagasDetalhesCelulaEmpresaViewController.swift */ = {isa = PBXFileReference; fileEncoding = 4; lastKnownFileType = sourcecode.swift; path = VagasDetalhesCelulaEmpresaViewController.swift; sourceTree = "<group>"; };
		F5A8EDF5205CB5600064A8A4 /* VagasDetalhesEmpresaViewController.swift */ = {isa = PBXFileReference; fileEncoding = 4; lastKnownFileType = sourcecode.swift; path = VagasDetalhesEmpresaViewController.swift; sourceTree = "<group>"; };
		F5A8EDFA205CB57A0064A8A4 /* vagasCandidatoViewController.swift */ = {isa = PBXFileReference; fileEncoding = 4; lastKnownFileType = sourcecode.swift; path = vagasCandidatoViewController.swift; sourceTree = "<group>"; };
		F5A8EDFB205CB57A0064A8A4 /* VagaCelulaCandidato.swift */ = {isa = PBXFileReference; fileEncoding = 4; lastKnownFileType = sourcecode.swift; path = VagaCelulaCandidato.swift; sourceTree = "<group>"; };
		F5A8EDFC205CB57B0064A8A4 /* VagaCelula.swift */ = {isa = PBXFileReference; fileEncoding = 4; lastKnownFileType = sourcecode.swift; path = VagaCelula.swift; sourceTree = "<group>"; };
		F5A8EDFD205CB57B0064A8A4 /* VagaCandidato.swift */ = {isa = PBXFileReference; fileEncoding = 4; lastKnownFileType = sourcecode.swift; path = VagaCandidato.swift; sourceTree = "<group>"; };
		F5A8EDFE205CB57B0064A8A4 /* vagasDetalhesCandidatoViewController.swift */ = {isa = PBXFileReference; fileEncoding = 4; lastKnownFileType = sourcecode.swift; path = vagasDetalhesCandidatoViewController.swift; sourceTree = "<group>"; };
		F5FF328C205B6CAE00189403 /* Calligraffitti-Regular.ttf */ = {isa = PBXFileReference; lastKnownFileType = file; path = "Calligraffitti-Regular.ttf"; sourceTree = "<group>"; };
		F5FF328D205B6CAE00189403 /* Courgette-Regular.ttf */ = {isa = PBXFileReference; lastKnownFileType = file; path = "Courgette-Regular.ttf"; sourceTree = "<group>"; };
		F5FF3290205B6CB700189403 /* DancingScript-Regular.ttf */ = {isa = PBXFileReference; lastKnownFileType = file; path = "DancingScript-Regular.ttf"; sourceTree = "<group>"; };
		F5FF3291205B6CB800189403 /* LoveYaLikeASister.ttf */ = {isa = PBXFileReference; lastKnownFileType = file; path = LoveYaLikeASister.ttf; sourceTree = "<group>"; };
		F5FF3292205B6CB800189403 /* DancingScript-Bold.ttf */ = {isa = PBXFileReference; lastKnownFileType = file; path = "DancingScript-Bold.ttf"; sourceTree = "<group>"; };
		F5FF3293205B6CB800189403 /* IndieFlower.ttf */ = {isa = PBXFileReference; lastKnownFileType = file; path = IndieFlower.ttf; sourceTree = "<group>"; };
		F5FF3294205B6CB800189403 /* GiveYouGlory.ttf */ = {isa = PBXFileReference; lastKnownFileType = file; path = GiveYouGlory.ttf; sourceTree = "<group>"; };
		F5FF329A205B6CC000189403 /* Julee-Regular.ttf */ = {isa = PBXFileReference; lastKnownFileType = file; path = "Julee-Regular.ttf"; sourceTree = "<group>"; };
		F5FF329B205B6CC100189403 /* ShadowsIntoLight.ttf */ = {isa = PBXFileReference; lastKnownFileType = file; path = ShadowsIntoLight.ttf; sourceTree = "<group>"; };
		F5FF32E2205B770E00189403 /* ChatViewController.swift */ = {isa = PBXFileReference; fileEncoding = 4; lastKnownFileType = sourcecode.swift; path = ChatViewController.swift; sourceTree = "<group>"; };
		F5FF32E3205B770F00189403 /* ChatCandidatoViewController.swift */ = {isa = PBXFileReference; fileEncoding = 4; lastKnownFileType = sourcecode.swift; path = ChatCandidatoViewController.swift; sourceTree = "<group>"; };
		F5FF32E6205B771E00189403 /* Noticia2ViewController.swift */ = {isa = PBXFileReference; fileEncoding = 4; lastKnownFileType = sourcecode.swift; path = Noticia2ViewController.swift; sourceTree = "<group>"; };
		F5FF32E7205B771E00189403 /* Noticia3ViewController.swift */ = {isa = PBXFileReference; fileEncoding = 4; lastKnownFileType = sourcecode.swift; path = Noticia3ViewController.swift; sourceTree = "<group>"; };
		F5FF32E8205B771E00189403 /* Noticia1ViewController.swift */ = {isa = PBXFileReference; fileEncoding = 4; lastKnownFileType = sourcecode.swift; path = Noticia1ViewController.swift; sourceTree = "<group>"; };
		F5FF32EC205B772900189403 /* NoticiaCandidato1ViewController.swift */ = {isa = PBXFileReference; fileEncoding = 4; lastKnownFileType = sourcecode.swift; path = NoticiaCandidato1ViewController.swift; sourceTree = "<group>"; };
		F5FF32EE205B773600189403 /* NoticiasCandidatoViewController.swift */ = {isa = PBXFileReference; fileEncoding = 4; lastKnownFileType = sourcecode.swift; path = NoticiasCandidatoViewController.swift; sourceTree = "<group>"; };
		F5FF32EF205B773600189403 /* NoticiasEmpresaViewController.swift */ = {isa = PBXFileReference; fileEncoding = 4; lastKnownFileType = sourcecode.swift; path = NoticiasEmpresaViewController.swift; sourceTree = "<group>"; };
		F5FF32F0205B773600189403 /* NoticiaCandidato2ViewController.swift */ = {isa = PBXFileReference; fileEncoding = 4; lastKnownFileType = sourcecode.swift; path = NoticiaCandidato2ViewController.swift; sourceTree = "<group>"; };
		F5FF32F1205B773600189403 /* NoticiaCandidato3ViewController.swift */ = {isa = PBXFileReference; fileEncoding = 4; lastKnownFileType = sourcecode.swift; path = NoticiaCandidato3ViewController.swift; sourceTree = "<group>"; };
		F5FF3302205B777000189403 /* LoginEmpresaViewController.swift */ = {isa = PBXFileReference; fileEncoding = 4; lastKnownFileType = sourcecode.swift; path = LoginEmpresaViewController.swift; sourceTree = "<group>"; };
		F5FF3303205B777000189403 /* PerfilEmpresaViewController.swift */ = {isa = PBXFileReference; fileEncoding = 4; lastKnownFileType = sourcecode.swift; path = PerfilEmpresaViewController.swift; sourceTree = "<group>"; };
		F5FF3304205B777000189403 /* RegisterEmpresaViewController.swift */ = {isa = PBXFileReference; fileEncoding = 4; lastKnownFileType = sourcecode.swift; path = RegisterEmpresaViewController.swift; sourceTree = "<group>"; };
		F5FF3308205B778100189403 /* CandidatoViewController.swift */ = {isa = PBXFileReference; fileEncoding = 4; lastKnownFileType = sourcecode.swift; path = CandidatoViewController.swift; sourceTree = "<group>"; };
		F5FF3309205B778100189403 /* CandidatoVagaCelulaViewController.swift */ = {isa = PBXFileReference; fileEncoding = 4; lastKnownFileType = sourcecode.swift; path = CandidatoVagaCelulaViewController.swift; sourceTree = "<group>"; };
		F5FF330B205B778100189403 /* SelectionCandidatoViewController.swift */ = {isa = PBXFileReference; fileEncoding = 4; lastKnownFileType = sourcecode.swift; path = SelectionCandidatoViewController.swift; sourceTree = "<group>"; };
		F5FF3310205B793F00189403 /* Vagas.swift */ = {isa = PBXFileReference; fileEncoding = 4; lastKnownFileType = sourcecode.swift; path = Vagas.swift; sourceTree = "<group>"; };
		F5FF3314205B795300189403 /* InfoCandidato.swift */ = {isa = PBXFileReference; fileEncoding = 4; lastKnownFileType = sourcecode.swift; path = InfoCandidato.swift; sourceTree = "<group>"; };
/* End PBXFileReference section */

/* Begin PBXFrameworksBuildPhase section */
		F5890F1B1F5F216D0049C731 /* Frameworks */ = {
			isa = PBXFrameworksBuildPhase;
			buildActionMask = 2147483647;
			files = (
			);
			runOnlyForDeploymentPostprocessing = 0;
		};
/* End PBXFrameworksBuildPhase section */

/* Begin PBXGroup section */
		2267899C1F7853670074BC3A /* View */ = {
			isa = PBXGroup;
			children = (
			);
			name = View;
			sourceTree = "<group>";
		};
		6BFC3A04AD51C4AD1C088450 /* Pods */ = {
			isa = PBXGroup;
			children = (
				8198776B593C138EA9B1B9FF /* Pods-testPersistencia.debug.xcconfig */,
				917A6FB032FB5BD24C22D1F5 /* Pods-testPersistencia.release.xcconfig */,
			);
			name = Pods;
			sourceTree = "<group>";
		};
		F5890F151F5F216D0049C731 = {
			isa = PBXGroup;
			children = (
				F5890F201F5F216D0049C731 /* Instajob */,
				F5890F1F1F5F216D0049C731 /* Products */,
				6BFC3A04AD51C4AD1C088450 /* Pods */,
			);
			sourceTree = "<group>";
		};
		F5890F1F1F5F216D0049C731 /* Products */ = {
			isa = PBXGroup;
			children = (
				F5890F1E1F5F216D0049C731 /* Instajob.temp_caseinsensitive_rename.app */,
			);
			name = Products;
			sourceTree = "<group>";
		};
		F5890F201F5F216D0049C731 /* Instajob */ = {
			isa = PBXGroup;
			children = (
				F5890F2D1F5F216D0049C731 /* Instajob.temp_caseinsensitive_renameinfo.plist */,
				F585E8BB1F699BEA00BF9D04 /* GoogleService-Info.plist */,
				F5FF327E205B511100189403 /* Resource */,
				F5FF327D205B510400189403 /* Source */,
			);
			path = Instajob;
			sourceTree = "<group>";
		};
		F5A8EDD7205CB0010064A8A4 /* Login */ = {
			isa = PBXGroup;
			children = (
				F5A8EDD8205CB1460064A8A4 /* PrincipalViewController.swift */,
			);
			path = Login;
			sourceTree = "<group>";
		};
		F5FF327D205B510400189403 /* Source */ = {
			isa = PBXGroup;
			children = (
				F5FF32E1205B752700189403 /* Security */,
				F5890F211F5F216D0049C731 /* AppDelegate.swift */,
				F5FF32A1205B70D600189403 /* Business */,
				F5FF32A0205B70CC00189403 /* Provider */,
				F5FF329F205B70B300189403 /* Model */,
				F5FF329E205B70A800189403 /* Controller */,
				2267899C1F7853670074BC3A /* View */,
			);
			name = Source;
			sourceTree = "<group>";
		};
		F5FF327E205B511100189403 /* Resource */ = {
			isa = PBXGroup;
			children = (
				F5FF328B205B6C2300189403 /* Fonts */,
				F5FF328A205B6C1700189403 /* Assets */,
				F5FF3283205B525700189403 /* Storyboard */,
			);
			name = Resource;
			sourceTree = "<group>";
		};
		F5FF3283205B525700189403 /* Storyboard */ = {
			isa = PBXGroup;
			children = (
				F5A8EDE8205CB4D60064A8A4 /* Candidate.storyboard */,
				F5A8EDEA205CB4D70064A8A4 /* Chat.storyboard */,
				F5A8EDE9205CB4D60064A8A4 /* Company.storyboard */,
				F5A8EDE7205CB4D60064A8A4 /* LaunchScreen.storyboard */,
				F5A8EDEB205CB4D70064A8A4 /* Main.storyboard */,
				F5A8EDE6205CB4D60064A8A4 /* News.storyboard */,
			);
			path = Storyboard;
			sourceTree = "<group>";
		};
		F5FF328A205B6C1700189403 /* Assets */ = {
			isa = PBXGroup;
			children = (
				F5890F281F5F216D0049C731 /* Assets.xcassets */,
			);
			name = Assets;
			sourceTree = "<group>";
		};
		F5FF328B205B6C2300189403 /* Fonts */ = {
			isa = PBXGroup;
			children = (
				F5FF329A205B6CC000189403 /* Julee-Regular.ttf */,
				F5FF329B205B6CC100189403 /* ShadowsIntoLight.ttf */,
				F5FF3292205B6CB800189403 /* DancingScript-Bold.ttf */,
				F5FF3290205B6CB700189403 /* DancingScript-Regular.ttf */,
				F5FF3294205B6CB800189403 /* GiveYouGlory.ttf */,
				F5FF3293205B6CB800189403 /* IndieFlower.ttf */,
				F5FF3291205B6CB800189403 /* LoveYaLikeASister.ttf */,
				F5FF328C205B6CAE00189403 /* Calligraffitti-Regular.ttf */,
				F5FF328D205B6CAE00189403 /* Courgette-Regular.ttf */,
			);
			name = Fonts;
			path = fonts;
			sourceTree = "<group>";
		};
		F5FF329E205B70A800189403 /* Controller */ = {
			isa = PBXGroup;
			children = (
				F5A8EDD7205CB0010064A8A4 /* Login */,
				F5FF32E0205B74F100189403 /* Chat */,
				F5FF32DF205B74E600189403 /* News */,
				F5FF32DD205B744400189403 /* Company */,
				F5FF32DC205B743F00189403 /* Candidate */,
			);
			path = Controller;
			sourceTree = "<group>";
		};
		F5FF329F205B70B300189403 /* Model */ = {
			isa = PBXGroup;
			children = (
				F5FF3310205B793F00189403 /* Vagas.swift */,
			);
			path = Model;
			sourceTree = "<group>";
		};
		F5FF32A0205B70CC00189403 /* Provider */ = {
			isa = PBXGroup;
			children = (
			);
			path = Provider;
			sourceTree = "<group>";
		};
		F5FF32A1205B70D600189403 /* Business */ = {
			isa = PBXGroup;
			children = (
			);
			path = Business;
			sourceTree = "<group>";
		};
		F5FF32DC205B743F00189403 /* Candidate */ = {
			isa = PBXGroup;
			children = (
				F5A8EDFD205CB57B0064A8A4 /* VagaCandidato.swift */,
				F5A8EDFC205CB57B0064A8A4 /* VagaCelula.swift */,
				F5A8EDFB205CB57A0064A8A4 /* VagaCelulaCandidato.swift */,
				F5A8EDFA205CB57A0064A8A4 /* vagasCandidatoViewController.swift */,
				F5A8EDFE205CB57B0064A8A4 /* vagasDetalhesCandidatoViewController.swift */,
				F5A8EDE0205CB1820064A8A4 /* PerfilViewController.swift */,
				F5A8EDE1205CB1830064A8A4 /* registerViewController.swift */,
				F5FF3314205B795300189403 /* InfoCandidato.swift */,
				F5FF3309205B778100189403 /* CandidatoVagaCelulaViewController.swift */,
				F5FF3308205B778100189403 /* CandidatoViewController.swift */,
				F5FF330B205B778100189403 /* SelectionCandidatoViewController.swift */,
			);
			path = Candidate;
			sourceTree = "<group>";
		};
		F5FF32DD205B744400189403 /* Company */ = {
			isa = PBXGroup;
			children = (
				F5A8EDF2205CB5600064A8A4 /* OptionVagasViewController.swift */,
				F5A8EDF4205CB5600064A8A4 /* VagasDetalhesCelulaEmpresaViewController.swift */,
				F5A8EDF5205CB5600064A8A4 /* VagasDetalhesEmpresaViewController.swift */,
				F5A8EDF3205CB5600064A8A4 /* VagasEmpresaViewController.swift */,
				F5FF3302205B777000189403 /* LoginEmpresaViewController.swift */,
				F5FF3303205B777000189403 /* PerfilEmpresaViewController.swift */,
				F5FF3304205B777000189403 /* RegisterEmpresaViewController.swift */,
			);
			path = Company;
			sourceTree = "<group>";
		};
		F5FF32DF205B74E600189403 /* News */ = {
			isa = PBXGroup;
			children = (
				F5FF32F0205B773600189403 /* NoticiaCandidato2ViewController.swift */,
				F5FF32F1205B773600189403 /* NoticiaCandidato3ViewController.swift */,
				F5FF32EE205B773600189403 /* NoticiasCandidatoViewController.swift */,
				F5FF32EF205B773600189403 /* NoticiasEmpresaViewController.swift */,
				F5FF32EC205B772900189403 /* NoticiaCandidato1ViewController.swift */,
				F5FF32E8205B771E00189403 /* Noticia1ViewController.swift */,
				F5FF32E6205B771E00189403 /* Noticia2ViewController.swift */,
				F5FF32E7205B771E00189403 /* Noticia3ViewController.swift */,
			);
			path = News;
			sourceTree = "<group>";
		};
		F5FF32E0205B74F100189403 /* Chat */ = {
			isa = PBXGroup;
			children = (
				F5FF32E3205B770F00189403 /* ChatCandidatoViewController.swift */,
				F5FF32E2205B770E00189403 /* ChatViewController.swift */,
			);
			path = Chat;
			sourceTree = "<group>";
		};
		F5FF32E1205B752700189403 /* Security */ = {
			isa = PBXGroup;
			children = (
			);
			path = Security;
			sourceTree = "<group>";
		};
/* End PBXGroup section */

/* Begin PBXNativeTarget section */
		F5890F1D1F5F216D0049C731 /* testPersistencia */ = {
			isa = PBXNativeTarget;
			buildConfigurationList = F5890F301F5F216D0049C731 /* Build configuration list for PBXNativeTarget "testPersistencia" */;
			buildPhases = (
				B3236AF3D683FF8821D57164 /* [CP] Check Pods Manifest.lock */,
				F5890F1A1F5F216D0049C731 /* Sources */,
				F5890F1B1F5F216D0049C731 /* Frameworks */,
				F5890F1C1F5F216D0049C731 /* Resources */,
				788A64CE27DA9BAC3DB70125 /* [CP] Embed Pods Frameworks */,
				6373497D45E955A7EF991A9C /* [CP] Copy Pods Resources */,
			);
			buildRules = (
			);
			dependencies = (
			);
			name = testPersistencia;
			productName = testPersistencia;
			productReference = F5890F1E1F5F216D0049C731 /* Instajob.temp_caseinsensitive_rename.app */;
			productType = "com.apple.product-type.application";
		};
/* End PBXNativeTarget section */

/* Begin PBXProject section */
		F5890F161F5F216D0049C731 /* Project object */ = {
			isa = PBXProject;
			attributes = {
				LastSwiftUpdateCheck = 0830;
				LastUpgradeCheck = 0830;
				ORGANIZATIONNAME = "Diego William Crozare";
				TargetAttributes = {
					F5890F1D1F5F216D0049C731 = {
						CreatedOnToolsVersion = 8.3.3;
						ProvisioningStyle = Automatic;
					};
				};
			};
			buildConfigurationList = F5890F191F5F216D0049C731 /* Build configuration list for PBXProject "Instajob" */;
			compatibilityVersion = "Xcode 3.2";
			developmentRegion = English;
			hasScannedForEncodings = 0;
			knownRegions = (
				en,
				Base,
			);
			mainGroup = F5890F151F5F216D0049C731;
			productRefGroup = F5890F1F1F5F216D0049C731 /* Products */;
			projectDirPath = "";
			projectRoot = "";
			targets = (
				F5890F1D1F5F216D0049C731 /* testPersistencia */,
			);
		};
/* End PBXProject section */

/* Begin PBXResourcesBuildPhase section */
		F5890F1C1F5F216D0049C731 /* Resources */ = {
			isa = PBXResourcesBuildPhase;
			buildActionMask = 2147483647;
			files = (
				F5A8EDF0205CB4D70064A8A4 /* Chat.storyboard in Resources */,
				F5FF3299205B6CB800189403 /* GiveYouGlory.ttf in Resources */,
				F5FF328E205B6CAE00189403 /* Calligraffitti-Regular.ttf in Resources */,
				F5A8EDED205CB4D70064A8A4 /* LaunchScreen.storyboard in Resources */,
				F5FF3296205B6CB800189403 /* LoveYaLikeASister.ttf in Resources */,
				F585E8BC1F699BEA00BF9D04 /* GoogleService-Info.plist in Resources */,
				F5A8EDEF205CB4D70064A8A4 /* Company.storyboard in Resources */,
				F5FF329C205B6CC100189403 /* Julee-Regular.ttf in Resources */,
				F5FF328F205B6CAE00189403 /* Courgette-Regular.ttf in Resources */,
				F5A8EDEE205CB4D70064A8A4 /* Candidate.storyboard in Resources */,
				F5890F291F5F216D0049C731 /* Assets.xcassets in Resources */,
				F5FF329D205B6CC100189403 /* ShadowsIntoLight.ttf in Resources */,
				F5FF3297205B6CB800189403 /* DancingScript-Bold.ttf in Resources */,
				F5A8EDEC205CB4D70064A8A4 /* News.storyboard in Resources */,
				F5FF3295205B6CB800189403 /* DancingScript-Regular.ttf in Resources */,
				F5A8EDF1205CB4D70064A8A4 /* Main.storyboard in Resources */,
				F5FF3298205B6CB800189403 /* IndieFlower.ttf in Resources */,
			);
			runOnlyForDeploymentPostprocessing = 0;
		};
/* End PBXResourcesBuildPhase section */

/* Begin PBXShellScriptBuildPhase section */
		6373497D45E955A7EF991A9C /* [CP] Copy Pods Resources */ = {
			isa = PBXShellScriptBuildPhase;
			buildActionMask = 2147483647;
			files = (
			);
			inputPaths = (
			);
			name = "[CP] Copy Pods Resources";
			outputPaths = (
			);
			runOnlyForDeploymentPostprocessing = 0;
			shellPath = /bin/sh;
			shellScript = "\"${SRCROOT}/Pods/Target Support Files/Pods-testPersistencia/Pods-testPersistencia-resources.sh\"\n";
			showEnvVarsInLog = 0;
		};
		788A64CE27DA9BAC3DB70125 /* [CP] Embed Pods Frameworks */ = {
			isa = PBXShellScriptBuildPhase;
			buildActionMask = 2147483647;
			files = (
			);
			inputPaths = (
				"${SRCROOT}/Pods/Target Support Files/Pods-testPersistencia/Pods-testPersistencia-frameworks.sh",
				"${BUILT_PRODUCTS_DIR}/BoringSSL/openssl.framework",
				"${BUILT_PRODUCTS_DIR}/GTMSessionFetcher/GTMSessionFetcher.framework",
				"${BUILT_PRODUCTS_DIR}/GoogleToolboxForMac/GoogleToolboxForMac.framework",
				"${BUILT_PRODUCTS_DIR}/JMMaskTextField-Swift/JMMaskTextField_Swift.framework",
				"${BUILT_PRODUCTS_DIR}/JSQMessagesViewController/JSQMessagesViewController.framework",
				"${BUILT_PRODUCTS_DIR}/JSQSystemSoundPlayer/JSQSystemSoundPlayer.framework",
				"${BUILT_PRODUCTS_DIR}/Protobuf/Protobuf.framework",
				"${BUILT_PRODUCTS_DIR}/SwiftMaskTextfield/SwiftMaskTextfield.framework",
				"${BUILT_PRODUCTS_DIR}/gRPC/GRPCClient.framework",
				"${BUILT_PRODUCTS_DIR}/gRPC-Core/grpc.framework",
				"${BUILT_PRODUCTS_DIR}/gRPC-ProtoRPC/ProtoRPC.framework",
				"${BUILT_PRODUCTS_DIR}/gRPC-RxLibrary/RxLibrary.framework",
				"${BUILT_PRODUCTS_DIR}/leveldb-library/leveldb.framework",
				"${BUILT_PRODUCTS_DIR}/nanopb/nanopb.framework",
			);
			name = "[CP] Embed Pods Frameworks";
			outputPaths = (
				"${TARGET_BUILD_DIR}/${FRAMEWORKS_FOLDER_PATH}/openssl.framework",
				"${TARGET_BUILD_DIR}/${FRAMEWORKS_FOLDER_PATH}/GTMSessionFetcher.framework",
				"${TARGET_BUILD_DIR}/${FRAMEWORKS_FOLDER_PATH}/GoogleToolboxForMac.framework",
				"${TARGET_BUILD_DIR}/${FRAMEWORKS_FOLDER_PATH}/JMMaskTextField_Swift.framework",
				"${TARGET_BUILD_DIR}/${FRAMEWORKS_FOLDER_PATH}/JSQMessagesViewController.framework",
				"${TARGET_BUILD_DIR}/${FRAMEWORKS_FOLDER_PATH}/JSQSystemSoundPlayer.framework",
				"${TARGET_BUILD_DIR}/${FRAMEWORKS_FOLDER_PATH}/Protobuf.framework",
				"${TARGET_BUILD_DIR}/${FRAMEWORKS_FOLDER_PATH}/SwiftMaskTextfield.framework",
				"${TARGET_BUILD_DIR}/${FRAMEWORKS_FOLDER_PATH}/GRPCClient.framework",
				"${TARGET_BUILD_DIR}/${FRAMEWORKS_FOLDER_PATH}/grpc.framework",
				"${TARGET_BUILD_DIR}/${FRAMEWORKS_FOLDER_PATH}/ProtoRPC.framework",
				"${TARGET_BUILD_DIR}/${FRAMEWORKS_FOLDER_PATH}/RxLibrary.framework",
				"${TARGET_BUILD_DIR}/${FRAMEWORKS_FOLDER_PATH}/leveldb.framework",
				"${TARGET_BUILD_DIR}/${FRAMEWORKS_FOLDER_PATH}/nanopb.framework",
			);
			runOnlyForDeploymentPostprocessing = 0;
			shellPath = /bin/sh;
			shellScript = "\"${SRCROOT}/Pods/Target Support Files/Pods-testPersistencia/Pods-testPersistencia-frameworks.sh\"\n";
			showEnvVarsInLog = 0;
		};
		B3236AF3D683FF8821D57164 /* [CP] Check Pods Manifest.lock */ = {
			isa = PBXShellScriptBuildPhase;
			buildActionMask = 2147483647;
			files = (
			);
			inputPaths = (
				"${PODS_PODFILE_DIR_PATH}/Podfile.lock",
				"${PODS_ROOT}/Manifest.lock",
			);
			name = "[CP] Check Pods Manifest.lock";
			outputPaths = (
				"$(DERIVED_FILE_DIR)/Pods-testPersistencia-checkManifestLockResult.txt",
			);
			runOnlyForDeploymentPostprocessing = 0;
			shellPath = /bin/sh;
			shellScript = "diff \"${PODS_PODFILE_DIR_PATH}/Podfile.lock\" \"${PODS_ROOT}/Manifest.lock\" > /dev/null\nif [ $? != 0 ] ; then\n    # print error to STDERR\n    echo \"error: The sandbox is not in sync with the Podfile.lock. Run 'pod install' or update your CocoaPods installation.\" >&2\n    exit 1\nfi\n# This output is used by Xcode 'outputs' to avoid re-running this script phase.\necho \"SUCCESS\" > \"${SCRIPT_OUTPUT_FILE_0}\"\n";
			showEnvVarsInLog = 0;
		};
/* End PBXShellScriptBuildPhase section */

/* Begin PBXSourcesBuildPhase section */
		F5890F1A1F5F216D0049C731 /* Sources */ = {
			isa = PBXSourcesBuildPhase;
			buildActionMask = 2147483647;
			files = (
				F5FF32F5205B773600189403 /* NoticiaCandidato3ViewController.swift in Sources */,
				F5FF330F205B778100189403 /* SelectionCandidatoViewController.swift in Sources */,
				F5FF3305205B777000189403 /* LoginEmpresaViewController.swift in Sources */,
				F5FF3307205B777000189403 /* RegisterEmpresaViewController.swift in Sources */,
				F5FF3317205B795300189403 /* InfoCandidato.swift in Sources */,
				F5FF32ED205B772900189403 /* NoticiaCandidato1ViewController.swift in Sources */,
				F5A8EE02205CB57B0064A8A4 /* VagaCandidato.swift in Sources */,
				F5FF32EA205B771E00189403 /* Noticia3ViewController.swift in Sources */,
				F5A8EDFF205CB57B0064A8A4 /* vagasCandidatoViewController.swift in Sources */,
				F5A8EE00205CB57B0064A8A4 /* VagaCelulaCandidato.swift in Sources */,
				F5FF32EB205B771E00189403 /* Noticia1ViewController.swift in Sources */,
				F5FF32E5205B770F00189403 /* ChatCandidatoViewController.swift in Sources */,
				F5FF330D205B778100189403 /* CandidatoVagaCelulaViewController.swift in Sources */,
				F5A8EDF7205CB5610064A8A4 /* VagasEmpresaViewController.swift in Sources */,
				F5FF32E4205B770F00189403 /* ChatViewController.swift in Sources */,
				F5FF32F3205B773600189403 /* NoticiasEmpresaViewController.swift in Sources */,
				F5A8EDE3205CB1830064A8A4 /* registerViewController.swift in Sources */,
				F5FF32F4205B773600189403 /* NoticiaCandidato2ViewController.swift in Sources */,
				F5FF32F2205B773600189403 /* NoticiasCandidatoViewController.swift in Sources */,
				F5A8EDD9205CB1460064A8A4 /* PrincipalViewController.swift in Sources */,
				F5A8EE03205CB57B0064A8A4 /* vagasDetalhesCandidatoViewController.swift in Sources */,
				F5A8EDF6205CB5610064A8A4 /* OptionVagasViewController.swift in Sources */,
				F5FF32E9205B771E00189403 /* Noticia2ViewController.swift in Sources */,
				F5A8EDE2205CB1830064A8A4 /* PerfilViewController.swift in Sources */,
				F5A8EDF8205CB5610064A8A4 /* VagasDetalhesCelulaEmpresaViewController.swift in Sources */,
				F5A8EE01205CB57B0064A8A4 /* VagaCelula.swift in Sources */,
				F5FF3311205B794000189403 /* Vagas.swift in Sources */,
				F5FF3306205B777000189403 /* PerfilEmpresaViewController.swift in Sources */,
				F5A8EDF9205CB5610064A8A4 /* VagasDetalhesEmpresaViewController.swift in Sources */,
				F5FF330C205B778100189403 /* CandidatoViewController.swift in Sources */,
				F5890F221F5F216D0049C731 /* AppDelegate.swift in Sources */,
			);
			runOnlyForDeploymentPostprocessing = 0;
		};
/* End PBXSourcesBuildPhase section */

/* Begin XCBuildConfiguration section */
		F5890F2E1F5F216D0049C731 /* Debug */ = {
			isa = XCBuildConfiguration;
			buildSettings = {
				ALWAYS_SEARCH_USER_PATHS = NO;
				CLANG_ANALYZER_NONNULL = YES;
				CLANG_ANALYZER_NUMBER_OBJECT_CONVERSION = YES_AGGRESSIVE;
				CLANG_CXX_LANGUAGE_STANDARD = "gnu++0x";
				CLANG_CXX_LIBRARY = "libc++";
				CLANG_ENABLE_MODULES = YES;
				CLANG_ENABLE_OBJC_ARC = YES;
				CLANG_WARN_BOOL_CONVERSION = YES;
				CLANG_WARN_CONSTANT_CONVERSION = YES;
				CLANG_WARN_DIRECT_OBJC_ISA_USAGE = YES_ERROR;
				CLANG_WARN_DOCUMENTATION_COMMENTS = YES;
				CLANG_WARN_EMPTY_BODY = YES;
				CLANG_WARN_ENUM_CONVERSION = YES;
				CLANG_WARN_INFINITE_RECURSION = YES;
				CLANG_WARN_INT_CONVERSION = YES;
				CLANG_WARN_OBJC_ROOT_CLASS = YES_ERROR;
				CLANG_WARN_SUSPICIOUS_MOVE = YES;
				CLANG_WARN_UNREACHABLE_CODE = YES;
				CLANG_WARN__DUPLICATE_METHOD_MATCH = YES;
				"CODE_SIGN_IDENTITY[sdk=iphoneos*]" = "iPhone Developer";
				COPY_PHASE_STRIP = NO;
				DEBUG_INFORMATION_FORMAT = dwarf;
				ENABLE_STRICT_OBJC_MSGSEND = YES;
				ENABLE_TESTABILITY = YES;
				GCC_C_LANGUAGE_STANDARD = gnu99;
				GCC_DYNAMIC_NO_PIC = NO;
				GCC_NO_COMMON_BLOCKS = YES;
				GCC_OPTIMIZATION_LEVEL = 0;
				GCC_PREPROCESSOR_DEFINITIONS = (
					"DEBUG=1",
					"$(inherited)",
				);
				GCC_WARN_64_TO_32_BIT_CONVERSION = YES;
				GCC_WARN_ABOUT_RETURN_TYPE = YES_ERROR;
				GCC_WARN_UNDECLARED_SELECTOR = YES;
				GCC_WARN_UNINITIALIZED_AUTOS = YES_AGGRESSIVE;
				GCC_WARN_UNUSED_FUNCTION = YES;
				GCC_WARN_UNUSED_VARIABLE = YES;
				IPHONEOS_DEPLOYMENT_TARGET = 10.3;
				MTL_ENABLE_DEBUG_INFO = YES;
				ONLY_ACTIVE_ARCH = YES;
				SDKROOT = iphoneos;
				SWIFT_ACTIVE_COMPILATION_CONDITIONS = DEBUG;
				SWIFT_OPTIMIZATION_LEVEL = "-Onone";
				TARGETED_DEVICE_FAMILY = "1,2";
			};
			name = Debug;
		};
		F5890F2F1F5F216D0049C731 /* Release */ = {
			isa = XCBuildConfiguration;
			buildSettings = {
				ALWAYS_SEARCH_USER_PATHS = NO;
				CLANG_ANALYZER_NONNULL = YES;
				CLANG_ANALYZER_NUMBER_OBJECT_CONVERSION = YES_AGGRESSIVE;
				CLANG_CXX_LANGUAGE_STANDARD = "gnu++0x";
				CLANG_CXX_LIBRARY = "libc++";
				CLANG_ENABLE_MODULES = YES;
				CLANG_ENABLE_OBJC_ARC = YES;
				CLANG_WARN_BOOL_CONVERSION = YES;
				CLANG_WARN_CONSTANT_CONVERSION = YES;
				CLANG_WARN_DIRECT_OBJC_ISA_USAGE = YES_ERROR;
				CLANG_WARN_DOCUMENTATION_COMMENTS = YES;
				CLANG_WARN_EMPTY_BODY = YES;
				CLANG_WARN_ENUM_CONVERSION = YES;
				CLANG_WARN_INFINITE_RECURSION = YES;
				CLANG_WARN_INT_CONVERSION = YES;
				CLANG_WARN_OBJC_ROOT_CLASS = YES_ERROR;
				CLANG_WARN_SUSPICIOUS_MOVE = YES;
				CLANG_WARN_UNREACHABLE_CODE = YES;
				CLANG_WARN__DUPLICATE_METHOD_MATCH = YES;
				"CODE_SIGN_IDENTITY[sdk=iphoneos*]" = "iPhone Developer";
				COPY_PHASE_STRIP = NO;
				DEBUG_INFORMATION_FORMAT = "dwarf-with-dsym";
				ENABLE_NS_ASSERTIONS = NO;
				ENABLE_STRICT_OBJC_MSGSEND = YES;
				GCC_C_LANGUAGE_STANDARD = gnu99;
				GCC_NO_COMMON_BLOCKS = YES;
				GCC_WARN_64_TO_32_BIT_CONVERSION = YES;
				GCC_WARN_ABOUT_RETURN_TYPE = YES_ERROR;
				GCC_WARN_UNDECLARED_SELECTOR = YES;
				GCC_WARN_UNINITIALIZED_AUTOS = YES_AGGRESSIVE;
				GCC_WARN_UNUSED_FUNCTION = YES;
				GCC_WARN_UNUSED_VARIABLE = YES;
				IPHONEOS_DEPLOYMENT_TARGET = 10.3;
				MTL_ENABLE_DEBUG_INFO = NO;
				SDKROOT = iphoneos;
				SWIFT_OPTIMIZATION_LEVEL = "-Owholemodule";
				TARGETED_DEVICE_FAMILY = "1,2";
				VALIDATE_PRODUCT = YES;
			};
			name = Release;
		};
		F5890F311F5F216D0049C731 /* Debug */ = {
			isa = XCBuildConfiguration;
			baseConfigurationReference = 8198776B593C138EA9B1B9FF /* Pods-testPersistencia.debug.xcconfig */;
			buildSettings = {
				ASSETCATALOG_COMPILER_APPICON_NAME = AppIcon;
				"CODE_SIGN_IDENTITY[sdk=iphoneos*]" = "iPhone Developer";
				DEVELOPMENT_TEAM = "";
				INFOPLIST_FILE = Instajob/Instajob.temp_caseinsensitive_renameinfo.plist;
				IPHONEOS_DEPLOYMENT_TARGET = 10.0;
				LD_RUNPATH_SEARCH_PATHS = "$(inherited) @executable_path/Frameworks";
				PRODUCT_BUNDLE_IDENTIFIER = CardManager.Instajob;
				PRODUCT_NAME = Instajob.temp_caseinsensitive_rename;
				PROVISIONING_PROFILE_SPECIFIER = "";
				SWIFT_VERSION = 3.0;
			};
			name = Debug;
		};
		F5890F321F5F216D0049C731 /* Release */ = {
			isa = XCBuildConfiguration;
			baseConfigurationReference = 917A6FB032FB5BD24C22D1F5 /* Pods-testPersistencia.release.xcconfig */;
			buildSettings = {
				ASSETCATALOG_COMPILER_APPICON_NAME = AppIcon;
				"CODE_SIGN_IDENTITY[sdk=iphoneos*]" = "iPhone Developer";
				DEVELOPMENT_TEAM = "";
				INFOPLIST_FILE = Instajob/Instajob.temp_caseinsensitive_renameinfo.plist;
				IPHONEOS_DEPLOYMENT_TARGET = 10.0;
				LD_RUNPATH_SEARCH_PATHS = "$(inherited) @executable_path/Frameworks";
				PRODUCT_BUNDLE_IDENTIFIER = CardManager.Instajob;
				PRODUCT_NAME = Instajob.temp_caseinsensitive_rename;
				PROVISIONING_PROFILE_SPECIFIER = "";
				SWIFT_VERSION = 3.0;
			};
			name = Release;
		};
/* End XCBuildConfiguration section */

/* Begin XCConfigurationList section */
		F5890F191F5F216D0049C731 /* Build configuration list for PBXProject "Instajob" */ = {
			isa = XCConfigurationList;
			buildConfigurations = (
				F5890F2E1F5F216D0049C731 /* Debug */,
				F5890F2F1F5F216D0049C731 /* Release */,
			);
			defaultConfigurationIsVisible = 0;
			defaultConfigurationName = Release;
		};
		F5890F301F5F216D0049C731 /* Build configuration list for PBXNativeTarget "testPersistencia" */ = {
			isa = XCConfigurationList;
			buildConfigurations = (
				F5890F311F5F216D0049C731 /* Debug */,
				F5890F321F5F216D0049C731 /* Release */,
			);
			defaultConfigurationIsVisible = 0;
			defaultConfigurationName = Release;
		};
/* End XCConfigurationList section */
	};
	rootObject = F5890F161F5F216D0049C731 /* Project object */;
}
